
Microsoft Visual Studio Solution File, Format Version 12.00
# Visual Studio 15
VisualStudioVersion = 15.0.28010.2046
MinimumVisualStudioVersion = 10.0.40219.1
Project("{FAE04EC0-301F-11D3-BF4B-00C04F79EFBC}") = "IoT.Grains", "IoT.Grains\IoT.Grains.csproj", "{82564E47-1C24-406E-8858-DDC3720CCC75}"
EndProject
Project("{FAE04EC0-301F-11D3-BF4B-00C04F79EFBC}") = "IoT.Grains.Contracts", "IoT.Grains.Contracts\IoT.Grains.Contracts.csproj", "{BA70ECA9-6E05-498B-945B-D1EE4DB3B92B}"
EndProject
Project("{FAE04EC0-301F-11D3-BF4B-00C04F79EFBC}") = "IoT.Api", "IoT.Api\IoT.Api.csproj", "{BD693FA2-5594-453E-8232-51394003354A}"
EndProject
Project("{FAE04EC0-301F-11D3-BF4B-00C04F79EFBC}") = "IoT.Client", "IoT.Client\IoT.Client.csproj", "{C822BDC4-F182-4074-861A-1A7BBE4CADA2}"
EndProject
Project("{9A19103F-16F7-4668-BE54-9A1E7A4F7556}") = "IoT.Silo", "IoT.Silo\IoT.Silo.csproj", "{A6985ED3-5557-4456-BDE2-49BABCBA5BCC}"
EndProject
Global
	GlobalSection(SolutionConfigurationPlatforms) = preSolution
		Debug|Any CPU = Debug|Any CPU
		Release|Any CPU = Release|Any CPU
	EndGlobalSection
	GlobalSection(ProjectConfigurationPlatforms) = postSolution
		{82564E47-1C24-406E-8858-DDC3720CCC75}.Debug|Any CPU.ActiveCfg = Debug|Any CPU
		{82564E47-1C24-406E-8858-DDC3720CCC75}.Debug|Any CPU.Build.0 = Debug|Any CPU
		{82564E47-1C24-406E-8858-DDC3720CCC75}.Release|Any CPU.ActiveCfg = Release|Any CPU
		{82564E47-1C24-406E-8858-DDC3720CCC75}.Release|Any CPU.Build.0 = Release|Any CPU
		{BA70ECA9-6E05-498B-945B-D1EE4DB3B92B}.Debug|Any CPU.ActiveCfg = Debug|Any CPU
		{BA70ECA9-6E05-498B-945B-D1EE4DB3B92B}.Debug|Any CPU.Build.0 = Debug|Any CPU
		{BA70ECA9-6E05-498B-945B-D1EE4DB3B92B}.Release|Any CPU.ActiveCfg = Release|Any CPU
		{BA70ECA9-6E05-498B-945B-D1EE4DB3B92B}.Release|Any CPU.Build.0 = Release|Any CPU
		{BD693FA2-5594-453E-8232-51394003354A}.Debug|Any CPU.ActiveCfg = Debug|Any CPU
		{BD693FA2-5594-453E-8232-51394003354A}.Debug|Any CPU.Build.0 = Debug|Any CPU
		{BD693FA2-5594-453E-8232-51394003354A}.Release|Any CPU.ActiveCfg = Release|Any CPU
		{BD693FA2-5594-453E-8232-51394003354A}.Release|Any CPU.Build.0 = Release|Any CPU
		{C822BDC4-F182-4074-861A-1A7BBE4CADA2}.Debug|Any CPU.ActiveCfg = Debug|Any CPU
		{C822BDC4-F182-4074-861A-1A7BBE4CADA2}.Debug|Any CPU.Build.0 = Debug|Any CPU
		{C822BDC4-F182-4074-861A-1A7BBE4CADA2}.Release|Any CPU.ActiveCfg = Release|Any CPU
		{C822BDC4-F182-4074-861A-1A7BBE4CADA2}.Release|Any CPU.Build.0 = Release|Any CPU
		{A6985ED3-5557-4456-BDE2-49BABCBA5BCC}.Debug|Any CPU.ActiveCfg = Debug|Any CPU
		{A6985ED3-5557-4456-BDE2-49BABCBA5BCC}.Debug|Any CPU.Build.0 = Debug|Any CPU
		{A6985ED3-5557-4456-BDE2-49BABCBA5BCC}.Release|Any CPU.ActiveCfg = Release|Any CPU
		{A6985ED3-5557-4456-BDE2-49BABCBA5BCC}.Release|Any CPU.Build.0 = Release|Any CPU
	EndGlobalSection
	GlobalSection(SolutionProperties) = preSolution
		HideSolutionNode = FALSE
	EndGlobalSection
	GlobalSection(ExtensibilityGlobals) = postSolution
		SolutionGuid = {7262F9AC-B584-462E-9685-CEEBC2250D82}
	EndGlobalSection
EndGlobal
